
Microsoft Visual Studio Solution File, Format Version 12.00
# Visual Studio 2013
VisualStudioVersion = 12.0.21005.1
MinimumVisualStudioVersion = 10.0.40219.1
Project("{FAE04EC0-301F-11D3-BF4B-00C04F79EFBC}") = "Sandbox", "Mvp-Mvc-AndSomeGarbage\Sandbox\Sandbox.csproj", "{AF504D05-00B1-405D-9064-59787B081B2B}"
EndProject
Project("{FAE04EC0-301F-11D3-BF4B-00C04F79EFBC}") = "MvcProject", "Mvp-Mvc-AndSomeGarbage\MvcProject\MvcProject.csproj", "{A6AA684F-608B-43A3-9AA0-022BF00E6491}"
EndProject
Project("{FAE04EC0-301F-11D3-BF4B-00C04F79EFBC}") = "MvpProject", "Mvp-Mvc-AndSomeGarbage\MvpProject\MvpProject.csproj", "{CBC28C56-2675-48C5-A11F-4D2D7C84F36F}"
EndProject
Project("{2150E333-8FDC-42A3-9474-1A3956D46DE8}") = "Mvp-Mvc-AndSomeGarbage", "Mvp-Mvc-AndSomeGarbage", "{24A92D70-47B3-4EC4-A257-F8B4C26BDD08}"
EndProject
Project("{2150E333-8FDC-42A3-9474-1A3956D46DE8}") = "Study", "Study", "{46BA76B3-512C-46B0-8C09-91A141E3387C}"
EndProject
Project("{2150E333-8FDC-42A3-9474-1A3956D46DE8}") = "AlgoLib", "AlgoLib", "{B17EB083-700B-457D-A3FC-D8E17C272882}"
EndProject
Project("{FAE04EC0-301F-11D3-BF4B-00C04F79EFBC}") = "AlgoLib_1", "Study\AlgoLib\AlgoLib_1\AlgoLib_1.csproj", "{8EA8AC7B-EE25-42C3-8290-A5787EEDC38B}"
EndProject
Project("{FAE04EC0-301F-11D3-BF4B-00C04F79EFBC}") = "AlgoLib_2", "Study\AlgoLib\AlgoLib_2\AlgoLib_2.csproj", "{2DEAAB73-6D53-4628-98CF-3BBB485709AA}"
EndProject
Project("{2150E333-8FDC-42A3-9474-1A3956D46DE8}") = "RainSimulator", "RainSimulator", "{8313A656-F51F-4498-840F-3E14C0231299}"
EndProject
Project("{FAE04EC0-301F-11D3-BF4B-00C04F79EFBC}") = "RainSim_1", "Study\RainSimulator\RainSim_1\RainSim_1.csproj", "{4AB5EECC-8AA5-436F-866B-49A17E8E76F9}"
EndProject
Global
	GlobalSection(SolutionConfigurationPlatforms) = preSolution
		Debug|Any CPU = Debug|Any CPU
		Release|Any CPU = Release|Any CPU
	EndGlobalSection
	GlobalSection(ProjectConfigurationPlatforms) = postSolution
		{AF504D05-00B1-405D-9064-59787B081B2B}.Debug|Any CPU.ActiveCfg = Debug|Any CPU
		{AF504D05-00B1-405D-9064-59787B081B2B}.Debug|Any CPU.Build.0 = Debug|Any CPU
		{AF504D05-00B1-405D-9064-59787B081B2B}.Release|Any CPU.ActiveCfg = Release|Any CPU
		{AF504D05-00B1-405D-9064-59787B081B2B}.Release|Any CPU.Build.0 = Release|Any CPU
		{A6AA684F-608B-43A3-9AA0-022BF00E6491}.Debug|Any CPU.ActiveCfg = Debug|Any CPU
		{A6AA684F-608B-43A3-9AA0-022BF00E6491}.Debug|Any CPU.Build.0 = Debug|Any CPU
		{A6AA684F-608B-43A3-9AA0-022BF00E6491}.Release|Any CPU.ActiveCfg = Release|Any CPU
		{A6AA684F-608B-43A3-9AA0-022BF00E6491}.Release|Any CPU.Build.0 = Release|Any CPU
		{CBC28C56-2675-48C5-A11F-4D2D7C84F36F}.Debug|Any CPU.ActiveCfg = Debug|Any CPU
		{CBC28C56-2675-48C5-A11F-4D2D7C84F36F}.Debug|Any CPU.Build.0 = Debug|Any CPU
		{CBC28C56-2675-48C5-A11F-4D2D7C84F36F}.Release|Any CPU.ActiveCfg = Release|Any CPU
		{CBC28C56-2675-48C5-A11F-4D2D7C84F36F}.Release|Any CPU.Build.0 = Release|Any CPU
		{8EA8AC7B-EE25-42C3-8290-A5787EEDC38B}.Debug|Any CPU.ActiveCfg = Debug|Any CPU
		{8EA8AC7B-EE25-42C3-8290-A5787EEDC38B}.Debug|Any CPU.Build.0 = Debug|Any CPU
		{8EA8AC7B-EE25-42C3-8290-A5787EEDC38B}.Release|Any CPU.ActiveCfg = Release|Any CPU
		{8EA8AC7B-EE25-42C3-8290-A5787EEDC38B}.Release|Any CPU.Build.0 = Release|Any CPU
		{2DEAAB73-6D53-4628-98CF-3BBB485709AA}.Debug|Any CPU.ActiveCfg = Debug|Any CPU
		{2DEAAB73-6D53-4628-98CF-3BBB485709AA}.Debug|Any CPU.Build.0 = Debug|Any CPU
		{2DEAAB73-6D53-4628-98CF-3BBB485709AA}.Release|Any CPU.ActiveCfg = Release|Any CPU
		{2DEAAB73-6D53-4628-98CF-3BBB485709AA}.Release|Any CPU.Build.0 = Release|Any CPU
		{4AB5EECC-8AA5-436F-866B-49A17E8E76F9}.Debug|Any CPU.ActiveCfg = Debug|Any CPU
		{4AB5EECC-8AA5-436F-866B-49A17E8E76F9}.Debug|Any CPU.Build.0 = Debug|Any CPU
		{4AB5EECC-8AA5-436F-866B-49A17E8E76F9}.Release|Any CPU.ActiveCfg = Release|Any CPU
		{4AB5EECC-8AA5-436F-866B-49A17E8E76F9}.Release|Any CPU.Build.0 = Release|Any CPU
	EndGlobalSection
	GlobalSection(SolutionProperties) = preSolution
		HideSolutionNode = FALSE
	EndGlobalSection
	GlobalSection(NestedProjects) = preSolution
		{A6AA684F-608B-43A3-9AA0-022BF00E6491} = {24A92D70-47B3-4EC4-A257-F8B4C26BDD08}
		{CBC28C56-2675-48C5-A11F-4D2D7C84F36F} = {24A92D70-47B3-4EC4-A257-F8B4C26BDD08}
		{AF504D05-00B1-405D-9064-59787B081B2B} = {24A92D70-47B3-4EC4-A257-F8B4C26BDD08}
		{B17EB083-700B-457D-A3FC-D8E17C272882} = {46BA76B3-512C-46B0-8C09-91A141E3387C}
		{8313A656-F51F-4498-840F-3E14C0231299} = {46BA76B3-512C-46B0-8C09-91A141E3387C}
		{8EA8AC7B-EE25-42C3-8290-A5787EEDC38B} = {B17EB083-700B-457D-A3FC-D8E17C272882}
		{2DEAAB73-6D53-4628-98CF-3BBB485709AA} = {B17EB083-700B-457D-A3FC-D8E17C272882}
		{4AB5EECC-8AA5-436F-866B-49A17E8E76F9} = {8313A656-F51F-4498-840F-3E14C0231299}
	EndGlobalSection
EndGlobal
